
Microsoft Visual Studio Solution File, Format Version 12.00
# Visual Studio Version 17
VisualStudioVersion = 17.1.32421.90
MinimumVisualStudioVersion = 10.0.40219.1
Project("{9A19103F-16F7-4668-BE54-9A1E7A4F7556}") = "Entities", "Entities\Entities.csproj", "{5BBCA209-026F-4DFF-B4F7-FFF7914A2AFF}"
EndProject
Project("{9A19103F-16F7-4668-BE54-9A1E7A4F7556}") = "DataAccess", "DataAccess\DataAccess.csproj", "{C953141E-19EB-40F0-AC6B-7FD9EE4C444A}"
EndProject
Project("{9A19103F-16F7-4668-BE54-9A1E7A4F7556}") = "Business", "Business\Business.csproj", "{8F8B1BDC-242E-4302-8862-396E0FFB633E}"
EndProject
Project("{9A19103F-16F7-4668-BE54-9A1E7A4F7556}") = "Core", "Core\Core.csproj", "{4977B12D-7DF4-4FAC-90F3-A51439917FE0}"
EndProject
Project("{FAE04EC0-301F-11D3-BF4B-00C04F79EFBC}") = "WebAPI", "WebAPI\WebAPI.csproj", "{BF98A276-19B2-43DB-83CA-E4DD3BC9718E}"
EndProject
Global
	GlobalSection(SolutionConfigurationPlatforms) = preSolution
		Debug|Any CPU = Debug|Any CPU
		Release|Any CPU = Release|Any CPU
	EndGlobalSection
	GlobalSection(ProjectConfigurationPlatforms) = postSolution
		{5BBCA209-026F-4DFF-B4F7-FFF7914A2AFF}.Debug|Any CPU.ActiveCfg = Debug|Any CPU
		{5BBCA209-026F-4DFF-B4F7-FFF7914A2AFF}.Debug|Any CPU.Build.0 = Debug|Any CPU
		{5BBCA209-026F-4DFF-B4F7-FFF7914A2AFF}.Release|Any CPU.ActiveCfg = Release|Any CPU
		{5BBCA209-026F-4DFF-B4F7-FFF7914A2AFF}.Release|Any CPU.Build.0 = Release|Any CPU
		{C953141E-19EB-40F0-AC6B-7FD9EE4C444A}.Debug|Any CPU.ActiveCfg = Debug|Any CPU
		{C953141E-19EB-40F0-AC6B-7FD9EE4C444A}.Debug|Any CPU.Build.0 = Debug|Any CPU
		{C953141E-19EB-40F0-AC6B-7FD9EE4C444A}.Release|Any CPU.ActiveCfg = Release|Any CPU
		{C953141E-19EB-40F0-AC6B-7FD9EE4C444A}.Release|Any CPU.Build.0 = Release|Any CPU
		{8F8B1BDC-242E-4302-8862-396E0FFB633E}.Debug|Any CPU.ActiveCfg = Debug|Any CPU
		{8F8B1BDC-242E-4302-8862-396E0FFB633E}.Debug|Any CPU.Build.0 = Debug|Any CPU
		{8F8B1BDC-242E-4302-8862-396E0FFB633E}.Release|Any CPU.ActiveCfg = Release|Any CPU
		{8F8B1BDC-242E-4302-8862-396E0FFB633E}.Release|Any CPU.Build.0 = Release|Any CPU
		{4977B12D-7DF4-4FAC-90F3-A51439917FE0}.Debug|Any CPU.ActiveCfg = Debug|Any CPU
		{4977B12D-7DF4-4FAC-90F3-A51439917FE0}.Debug|Any CPU.Build.0 = Debug|Any CPU
		{4977B12D-7DF4-4FAC-90F3-A51439917FE0}.Release|Any CPU.ActiveCfg = Release|Any CPU
		{4977B12D-7DF4-4FAC-90F3-A51439917FE0}.Release|Any CPU.Build.0 = Release|Any CPU
		{BF98A276-19B2-43DB-83CA-E4DD3BC9718E}.Debug|Any CPU.ActiveCfg = Debug|Any CPU
		{BF98A276-19B2-43DB-83CA-E4DD3BC9718E}.Debug|Any CPU.Build.0 = Debug|Any CPU
		{BF98A276-19B2-43DB-83CA-E4DD3BC9718E}.Release|Any CPU.ActiveCfg = Release|Any CPU
		{BF98A276-19B2-43DB-83CA-E4DD3BC9718E}.Release|Any CPU.Build.0 = Release|Any CPU
	EndGlobalSection
	GlobalSection(SolutionProperties) = preSolution
		HideSolutionNode = FALSE
	EndGlobalSection
	GlobalSection(ExtensibilityGlobals) = postSolution
		SolutionGuid = {566C9908-860D-4E7A-BF3D-132A98FB9990}
	EndGlobalSection
EndGlobal
